
Microsoft Visual Studio Solution File, Format Version 9.00
# Visual Studio 2005
Project("{F184B08F-C81C-45F6-A57F-5ABD9991F28F}") = "Main", "Main.vbproj", "{DB7758BC-2EDE-4DF1-A69F-997AEEC16F60}"
EndProject
Global
	GlobalSection(SolutionConfigurationPlatforms) = preSolution
		Debug|Any CPU = Debug|Any CPU
		Release|Any CPU = Release|Any CPU
	EndGlobalSection
	GlobalSection(ProjectConfigurationPlatforms) = postSolution
		{DB7758BC-2EDE-4DF1-A69F-997AEEC16F60}.Debug|Any CPU.ActiveCfg = Debug|Any CPU
		{DB7758BC-2EDE-4DF1-A69F-997AEEC16F60}.Debug|Any CPU.Build.0 = Debug|Any CPU
		{DB7758BC-2EDE-4DF1-A69F-997AEEC16F60}.Release|Any CPU.ActiveCfg = Release|Any CPU
		{DB7758BC-2EDE-4DF1-A69F-997AEEC16F60}.Release|Any CPU.Build.0 = Release|Any CPU
	EndGlobalSection
	GlobalSection(SolutionProperties) = preSolution
		HideSolutionNode = FALSE
	EndGlobalSection
EndGlobal
