
Microsoft Visual Studio Solution File, Format Version 9.00
# Visual Studio 2005
Project("{F184B08F-C81C-45F6-A57F-5ABD9991F28F}") = "UserFunctions", "UserFunctions.vbproj", "{17D0B303-5A28-435E-9B42-39445BECDFE2}"
EndProject
Global
	GlobalSection(SolutionConfigurationPlatforms) = preSolution
		Debug|Any CPU = Debug|Any CPU
		Release|Any CPU = Release|Any CPU
	EndGlobalSection
	GlobalSection(ProjectConfigurationPlatforms) = postSolution
		{17D0B303-5A28-435E-9B42-39445BECDFE2}.Debug|Any CPU.ActiveCfg = Debug|Any CPU
		{17D0B303-5A28-435E-9B42-39445BECDFE2}.Debug|Any CPU.Build.0 = Debug|Any CPU
		{17D0B303-5A28-435E-9B42-39445BECDFE2}.Release|Any CPU.ActiveCfg = Release|Any CPU
		{17D0B303-5A28-435E-9B42-39445BECDFE2}.Release|Any CPU.Build.0 = Release|Any CPU
	EndGlobalSection
	GlobalSection(SolutionProperties) = preSolution
		HideSolutionNode = FALSE
	EndGlobalSection
EndGlobal
